
Microsoft Visual Studio Solution File, Format Version 12.00
# Visual Studio Version 16
VisualStudioVersion = 16.0.31112.23
MinimumVisualStudioVersion = 10.0.40219.1
Project("{FAE04EC0-301F-11D3-BF4B-00C04F79EFBC}") = "Exam", "Exam\Exam.csproj", "{78EC58D8-4C99-4DF7-B755-AD863C6FD110}"
EndProject
Global
	GlobalSection(SolutionConfigurationPlatforms) = preSolution
		Debug|Any CPU = Debug|Any CPU
		Release|Any CPU = Release|Any CPU
	EndGlobalSection
	GlobalSection(ProjectConfigurationPlatforms) = postSolution
		{78EC58D8-4C99-4DF7-B755-AD863C6FD110}.Debug|Any CPU.ActiveCfg = Debug|Any CPU
		{78EC58D8-4C99-4DF7-B755-AD863C6FD110}.Debug|Any CPU.Build.0 = Debug|Any CPU
		{78EC58D8-4C99-4DF7-B755-AD863C6FD110}.Release|Any CPU.ActiveCfg = Release|Any CPU
		{78EC58D8-4C99-4DF7-B755-AD863C6FD110}.Release|Any CPU.Build.0 = Release|Any CPU
	EndGlobalSection
	GlobalSection(SolutionProperties) = preSolution
		HideSolutionNode = FALSE
	EndGlobalSection
	GlobalSection(ExtensibilityGlobals) = postSolution
		SolutionGuid = {E6F88628-4828-417A-BCFD-7A4CFEFDBF23}
	EndGlobalSection
EndGlobal
